
Microsoft Visual Studio Solution File, Format Version 12.00
# Visual Studio 15
VisualStudioVersion = 15.0.28010.2019
MinimumVisualStudioVersion = 10.0.40219.1
Project("{FAE04EC0-301F-11D3-BF4B-00C04F79EFBC}") = "Day01", "Day01\Day01.csproj", "{FACCCB45-D108-4311-9D52-3D11A0F959DA}"
EndProject
Project("{FAE04EC0-301F-11D3-BF4B-00C04F79EFBC}") = "Day02", "Day02\Day02.csproj", "{3C496C26-9577-439D-97EC-3555E291C056}"
EndProject
Project("{FAE04EC0-301F-11D3-BF4B-00C04F79EFBC}") = "Day03", "Day03\Day03.csproj", "{BF505D61-2EE2-4542-98EC-11FB9E8D2CC5}"
EndProject
Global
	GlobalSection(SolutionConfigurationPlatforms) = preSolution
		Debug|Any CPU = Debug|Any CPU
		Release|Any CPU = Release|Any CPU
	EndGlobalSection
	GlobalSection(ProjectConfigurationPlatforms) = postSolution
		{FACCCB45-D108-4311-9D52-3D11A0F959DA}.Debug|Any CPU.ActiveCfg = Debug|Any CPU
		{FACCCB45-D108-4311-9D52-3D11A0F959DA}.Debug|Any CPU.Build.0 = Debug|Any CPU
		{FACCCB45-D108-4311-9D52-3D11A0F959DA}.Release|Any CPU.ActiveCfg = Release|Any CPU
		{FACCCB45-D108-4311-9D52-3D11A0F959DA}.Release|Any CPU.Build.0 = Release|Any CPU
		{3C496C26-9577-439D-97EC-3555E291C056}.Debug|Any CPU.ActiveCfg = Debug|Any CPU
		{3C496C26-9577-439D-97EC-3555E291C056}.Debug|Any CPU.Build.0 = Debug|Any CPU
		{3C496C26-9577-439D-97EC-3555E291C056}.Release|Any CPU.ActiveCfg = Release|Any CPU
		{3C496C26-9577-439D-97EC-3555E291C056}.Release|Any CPU.Build.0 = Release|Any CPU
		{BF505D61-2EE2-4542-98EC-11FB9E8D2CC5}.Debug|Any CPU.ActiveCfg = Debug|Any CPU
		{BF505D61-2EE2-4542-98EC-11FB9E8D2CC5}.Debug|Any CPU.Build.0 = Debug|Any CPU
		{BF505D61-2EE2-4542-98EC-11FB9E8D2CC5}.Release|Any CPU.ActiveCfg = Release|Any CPU
		{BF505D61-2EE2-4542-98EC-11FB9E8D2CC5}.Release|Any CPU.Build.0 = Release|Any CPU
	EndGlobalSection
	GlobalSection(SolutionProperties) = preSolution
		HideSolutionNode = FALSE
	EndGlobalSection
	GlobalSection(ExtensibilityGlobals) = postSolution
		SolutionGuid = {7F63E437-E431-4053-93B9-B2027CBD94DA}
	EndGlobalSection
EndGlobal
